// !$*UTF8*$!
{
	archiveVersion = 1;
	classes = {
	};
	objectVersion = 55;
	objects = {

/* Begin PBXBuildFile section */
		13B96F4C28CF77950019EDF3 /* AppDelegate.swift in Sources */ = {isa = PBXBuildFile; fileRef = 13B96F4B28CF77950019EDF3 /* AppDelegate.swift */; };
		13B96F4E28CF77950019EDF3 /* SceneDelegate.swift in Sources */ = {isa = PBXBuildFile; fileRef = 13B96F4D28CF77950019EDF3 /* SceneDelegate.swift */; };
		13B96F5028CF77950019EDF3 /* ViewController.swift in Sources */ = {isa = PBXBuildFile; fileRef = 13B96F4F28CF77950019EDF3 /* ViewController.swift */; };
		13B96F5328CF77950019EDF3 /* Main.storyboard in Resources */ = {isa = PBXBuildFile; fileRef = 13B96F5128CF77950019EDF3 /* Main.storyboard */; };
		13B96F5528CF779A0019EDF3 /* Assets.xcassets in Resources */ = {isa = PBXBuildFile; fileRef = 13B96F5428CF779A0019EDF3 /* Assets.xcassets */; };
		13B96F5828CF779A0019EDF3 /* LaunchScreen.storyboard in Resources */ = {isa = PBXBuildFile; fileRef = 13B96F5628CF779A0019EDF3 /* LaunchScreen.storyboard */; };
		8AB5AD17133DF6262C8E32EB /* Pods_API_Sample.framework in Frameworks */ = {isa = PBXBuildFile; fileRef = 67F556CA46C767AC4B598405 /* Pods_API_Sample.framework */; };
/* End PBXBuildFile section */

/* Begin PBXFileReference section */
		0CEFA18BBE28255D0623CA65 /* Pods-API Sample.release.xcconfig */ = {isa = PBXFileReference; includeInIndex = 1; lastKnownFileType = text.xcconfig; name = "Pods-API Sample.release.xcconfig"; path = "Target Support Files/Pods-API Sample/Pods-API Sample.release.xcconfig"; sourceTree = "<group>"; };
		13B96F4828CF77950019EDF3 /* API Sample.app */ = {isa = PBXFileReference; explicitFileType = wrapper.application; includeInIndex = 0; path = "API Sample.app"; sourceTree = BUILT_PRODUCTS_DIR; };
		13B96F4B28CF77950019EDF3 /* AppDelegate.swift */ = {isa = PBXFileReference; lastKnownFileType = sourcecode.swift; path = AppDelegate.swift; sourceTree = "<group>"; };
		13B96F4D28CF77950019EDF3 /* SceneDelegate.swift */ = {isa = PBXFileReference; lastKnownFileType = sourcecode.swift; path = SceneDelegate.swift; sourceTree = "<group>"; };
		13B96F4F28CF77950019EDF3 /* ViewController.swift */ = {isa = PBXFileReference; lastKnownFileType = sourcecode.swift; path = ViewController.swift; sourceTree = "<group>"; };
		13B96F5228CF77950019EDF3 /* Base */ = {isa = PBXFileReference; lastKnownFileType = file.storyboard; name = Base; path = Base.lproj/Main.storyboard; sourceTree = "<group>"; };
		13B96F5428CF779A0019EDF3 /* Assets.xcassets */ = {isa = PBXFileReference; lastKnownFileType = folder.assetcatalog; path = Assets.xcassets; sourceTree = "<group>"; };
		13B96F5728CF779A0019EDF3 /* Base */ = {isa = PBXFileReference; lastKnownFileType = file.storyboard; name = Base; path = Base.lproj/LaunchScreen.storyboard; sourceTree = "<group>"; };
		13B96F5928CF779A0019EDF3 /* Info.plist */ = {isa = PBXFileReference; lastKnownFileType = text.plist.xml; path = Info.plist; sourceTree = "<group>"; };
		67F556CA46C767AC4B598405 /* Pods_API_Sample.framework */ = {isa = PBXFileReference; explicitFileType = wrapper.framework; includeInIndex = 0; path = Pods_API_Sample.framework; sourceTree = BUILT_PRODUCTS_DIR; };
		F00E45FFCF99A03470FC1E9F /* Pods-API Sample.debug.xcconfig */ = {isa = PBXFileReference; includeInIndex = 1; lastKnownFileType = text.xcconfig; name = "Pods-API Sample.debug.xcconfig"; path = "Target Support Files/Pods-API Sample/Pods-API Sample.debug.xcconfig"; sourceTree = "<group>"; };
/* End PBXFileReference section */

/* Begin PBXFrameworksBuildPhase section */
		13B96F4528CF77950019EDF3 /* Frameworks */ = {
			isa = PBXFrameworksBuildPhase;
			buildActionMask = 2147483647;
			files = (
				8AB5AD17133DF6262C8E32EB /* Pods_API_Sample.framework in Frameworks */,
			);
			runOnlyForDeploymentPostprocessing = 0;
		};
/* End PBXFrameworksBuildPhase section */

/* Begin PBXGroup section */
		13B96F3F28CF77950019EDF3 = {
			isa = PBXGroup;
			children = (
				13B96F4A28CF77950019EDF3 /* API Sample */,
				13B96F4928CF77950019EDF3 /* Products */,
				403750178EDCCCC9C834EAE1 /* Pods */,
				E425D7EA3D9CDE43E72DD459 /* Frameworks */,
			);
			sourceTree = "<group>";
		};
		13B96F4928CF77950019EDF3 /* Products */ = {
			isa = PBXGroup;
			children = (
				13B96F4828CF77950019EDF3 /* API Sample.app */,
			);
			name = Products;
			sourceTree = "<group>";
		};
		13B96F4A28CF77950019EDF3 /* API Sample */ = {
			isa = PBXGroup;
			children = (
				13B96F4B28CF77950019EDF3 /* AppDelegate.swift */,
				13B96F4D28CF77950019EDF3 /* SceneDelegate.swift */,
				13B96F4F28CF77950019EDF3 /* ViewController.swift */,
				13B96F5128CF77950019EDF3 /* Main.storyboard */,
				13B96F5428CF779A0019EDF3 /* Assets.xcassets */,
				13B96F5628CF779A0019EDF3 /* LaunchScreen.storyboard */,
				13B96F5928CF779A0019EDF3 /* Info.plist */,
			);
			path = "API Sample";
			sourceTree = "<group>";
		};
		403750178EDCCCC9C834EAE1 /* Pods */ = {
			isa = PBXGroup;
			children = (
				F00E45FFCF99A03470FC1E9F /* Pods-API Sample.debug.xcconfig */,
				0CEFA18BBE28255D0623CA65 /* Pods-API Sample.release.xcconfig */,
			);
			path = Pods;
			sourceTree = "<group>";
		};
		E425D7EA3D9CDE43E72DD459 /* Frameworks */ = {
			isa = PBXGroup;
			children = (
				67F556CA46C767AC4B598405 /* Pods_API_Sample.framework */,
			);
			name = Frameworks;
			sourceTree = "<group>";
		};
/* End PBXGroup section */

/* Begin PBXNativeTarget section */
		13B96F4728CF77950019EDF3 /* API Sample */ = {
			isa = PBXNativeTarget;
			buildConfigurationList = 13B96F5C28CF779A0019EDF3 /* Build configuration list for PBXNativeTarget "API Sample" */;
			buildPhases = (
				F04C09B68CDEAE10DC19F853 /* [CP] Check Pods Manifest.lock */,
				13B96F4428CF77950019EDF3 /* Sources */,
				13B96F4528CF77950019EDF3 /* Frameworks */,
				13B96F4628CF77950019EDF3 /* Resources */,
				D75489D402F78DEA57F96A47 /* [CP] Embed Pods Frameworks */,
			);
			buildRules = (
			);
			dependencies = (
			);
			name = "API Sample";
			productName = "API Sample";
			productReference = 13B96F4828CF77950019EDF3 /* API Sample.app */;
			productType = "com.apple.product-type.application";
		};
/* End PBXNativeTarget section */

/* Begin PBXProject section */
		13B96F4028CF77950019EDF3 /* Project object */ = {
			isa = PBXProject;
			attributes = {
				BuildIndependentTargetsInParallel = 1;
				LastSwiftUpdateCheck = 1340;
				LastUpgradeCheck = 1340;
				TargetAttributes = {
					13B96F4728CF77950019EDF3 = {
						CreatedOnToolsVersion = 13.4.1;
					};
				};
			};
			buildConfigurationList = 13B96F4328CF77950019EDF3 /* Build configuration list for PBXProject "API Sample" */;
			compatibilityVersion = "Xcode 13.0";
			developmentRegion = en;
			hasScannedForEncodings = 0;
			knownRegions = (
				en,
				Base,
			);
			mainGroup = 13B96F3F28CF77950019EDF3;
			productRefGroup = 13B96F4928CF77950019EDF3 /* Products */;
			projectDirPath = "";
			projectRoot = "";
			targets = (
				13B96F4728CF77950019EDF3 /* API Sample */,
			);
		};
/* End PBXProject section */

/* Begin PBXResourcesBuildPhase section */
		13B96F4628CF77950019EDF3 /* Resources */ = {
			isa = PBXResourcesBuildPhase;
			buildActionMask = 2147483647;
			files = (
				13B96F5828CF779A0019EDF3 /* LaunchScreen.storyboard in Resources */,
				13B96F5528CF779A0019EDF3 /* Assets.xcassets in Resources */,
				13B96F5328CF77950019EDF3 /* Main.storyboard in Resources */,
			);
			runOnlyForDeploymentPostprocessing = 0;
		};
/* End PBXResourcesBuildPhase section */

/* Begin PBXShellScriptBuildPhase section */
		D75489D402F78DEA57F96A47 /* [CP] Embed Pods Frameworks */ = {
			isa = PBXShellScriptBuildPhase;
			buildActionMask = 2147483647;
			files = (
			);
			inputFileListPaths = (
				"${PODS_ROOT}/Target Support Files/Pods-API Sample/Pods-API Sample-frameworks-${CONFIGURATION}-input-files.xcfilelist",
			);
			name = "[CP] Embed Pods Frameworks";
			outputFileListPaths = (
				"${PODS_ROOT}/Target Support Files/Pods-API Sample/Pods-API Sample-frameworks-${CONFIGURATION}-output-files.xcfilelist",
			);
			runOnlyForDeploymentPostprocessing = 0;
			shellPath = /bin/sh;
			shellScript = "\"${PODS_ROOT}/Target Support Files/Pods-API Sample/Pods-API Sample-frameworks.sh\"\n";
			showEnvVarsInLog = 0;
		};
		F04C09B68CDEAE10DC19F853 /* [CP] Check Pods Manifest.lock */ = {
			isa = PBXShellScriptBuildPhase;
			buildActionMask = 2147483647;
			files = (
			);
			inputFileListPaths = (
			);
			inputPaths = (
				"${PODS_PODFILE_DIR_PATH}/Podfile.lock",
				"${PODS_ROOT}/Manifest.lock",
			);
			name = "[CP] Check Pods Manifest.lock";
			outputFileListPaths = (
			);
			outputPaths = (
				"$(DERIVED_FILE_DIR)/Pods-API Sample-checkManifestLockResult.txt",
			);
			runOnlyForDeploymentPostprocessing = 0;
			shellPath = /bin/sh;
			shellScript = "diff \"${PODS_PODFILE_DIR_PATH}/Podfile.lock\" \"${PODS_ROOT}/Manifest.lock\" > /dev/null\nif [ $? != 0 ] ; then\n    # print error to STDERR\n    echo \"error: The sandbox is not in sync with the Podfile.lock. Run 'pod install' or update your CocoaPods installation.\" >&2\n    exit 1\nfi\n# This output is used by Xcode 'outputs' to avoid re-running this script phase.\necho \"SUCCESS\" > \"${SCRIPT_OUTPUT_FILE_0}\"\n";
			showEnvVarsInLog = 0;
		};
/* End PBXShellScriptBuildPhase section */

/* Begin PBXSourcesBuildPhase section */
		13B96F4428CF77950019EDF3 /* Sources */ = {
			isa = PBXSourcesBuildPhase;
			buildActionMask = 2147483647;
			files = (
				13B96F5028CF77950019EDF3 /* ViewController.swift in Sources */,
				13B96F4C28CF77950019EDF3 /* AppDelegate.swift in Sources */,
				13B96F4E28CF77950019EDF3 /* SceneDelegate.swift in Sources */,
			);
			runOnlyForDeploymentPostprocessing = 0;
		};
/* End PBXSourcesBuildPhase section */

/* Begin PBXVariantGroup section */
		13B96F5128CF77950019EDF3 /* Main.storyboard */ = {
			isa = PBXVariantGroup;
			children = (
				13B96F5228CF77950019EDF3 /* Base */,
			);
			name = Main.storyboard;
			sourceTree = "<group>";
		};
		13B96F5628CF779A0019EDF3 /* LaunchScreen.storyboard */ = {
			isa = PBXVariantGroup;
			children = (
				13B96F5728CF779A0019EDF3 /* Base */,
			);
			name = LaunchScreen.storyboard;
			sourceTree = "<group>";
		};
/* End PBXVariantGroup section */

/* Begin XCBuildConfiguration section */
		13B96F5A28CF779A0019EDF3 /* Debug */ = {
			isa = XCBuildConfiguration;
			buildSettings = {
				ALWAYS_SEARCH_USER_PATHS = NO;
				CLANG_ANALYZER_NONNULL = YES;
				CLANG_ANALYZER_NUMBER_OBJECT_CONVERSION = YES_AGGRESSIVE;
				CLANG_CXX_LANGUAGE_STANDARD = "gnu++17";
				CLANG_ENABLE_MODULES = YES;
				CLANG_ENABLE_OBJC_ARC = YES;
				CLANG_ENABLE_OBJC_WEAK = YES;
				CLANG_WARN_BLOCK_CAPTURE_AUTORELEASING = YES;
				CLANG_WARN_BOOL_CONVERSION = YES;
				CLANG_WARN_COMMA = YES;
				CLANG_WARN_CONSTANT_CONVERSION = YES;
				CLANG_WARN_DEPRECATED_OBJC_IMPLEMENTATIONS = YES;
				CLANG_WARN_DIRECT_OBJC_ISA_USAGE = YES_ERROR;
				CLANG_WARN_DOCUMENTATION_COMMENTS = YES;
				CLANG_WARN_EMPTY_BODY = YES;
				CLANG_WARN_ENUM_CONVERSION = YES;
				CLANG_WARN_INFINITE_RECURSION = YES;
				CLANG_WARN_INT_CONVERSION = YES;
				CLANG_WARN_NON_LITERAL_NULL_CONVERSION = YES;
				CLANG_WARN_OBJC_IMPLICIT_RETAIN_SELF = YES;
				CLANG_WARN_OBJC_LITERAL_CONVERSION = YES;
				CLANG_WARN_OBJC_ROOT_CLASS = YES_ERROR;
				CLANG_WARN_QUOTED_INCLUDE_IN_FRAMEWORK_HEADER = YES;
				CLANG_WARN_RANGE_LOOP_ANALYSIS = YES;
				CLANG_WARN_STRICT_PROTOTYPES = YES;
				CLANG_WARN_SUSPICIOUS_MOVE = YES;
				CLANG_WARN_UNGUARDED_AVAILABILITY = YES_AGGRESSIVE;
				CLANG_WARN_UNREACHABLE_CODE = YES;
				CLANG_WARN__DUPLICATE_METHOD_MATCH = YES;
				COPY_PHASE_STRIP = NO;
				DEBUG_INFORMATION_FORMAT = dwarf;
				ENABLE_STRICT_OBJC_MSGSEND = YES;
				ENABLE_TESTABILITY = YES;
				GCC_C_LANGUAGE_STANDARD = gnu11;
				GCC_DYNAMIC_NO_PIC = NO;
				GCC_NO_COMMON_BLOCKS = YES;
				GCC_OPTIMIZATION_LEVEL = 0;
				GCC_PREPROCESSOR_DEFINITIONS = (
					"DEBUG=1",
					"$(inherited)",
				);
				GCC_WARN_64_TO_32_BIT_CONVERSION = YES;
				GCC_WARN_ABOUT_RETURN_TYPE = YES_ERROR;
				GCC_WARN_UNDECLARED_SELECTOR = YES;
				GCC_WARN_UNINITIALIZED_AUTOS = YES_AGGRESSIVE;
				GCC_WARN_UNUSED_FUNCTION = YES;
				GCC_WARN_UNUSED_VARIABLE = YES;
				IPHONEOS_DEPLOYMENT_TARGET = 15.5;
				MTL_ENABLE_DEBUG_INFO = INCLUDE_SOURCE;
				MTL_FAST_MATH = YES;
				ONLY_ACTIVE_ARCH = YES;
				SDKROOT = iphoneos;
				SWIFT_ACTIVE_COMPILATION_CONDITIONS = DEBUG;
				SWIFT_OPTIMIZATION_LEVEL = "-Onone";
			};
			name = Debug;
		};
		13B96F5B28CF779A0019EDF3 /* Release */ = {
			isa = XCBuildConfiguration;
			buildSettings = {
				ALWAYS_SEARCH_USER_PATHS = NO;
				CLANG_ANALYZER_NONNULL = YES;
				CLANG_ANALYZER_NUMBER_OBJECT_CONVERSION = YES_AGGRESSIVE;
				CLANG_CXX_LANGUAGE_STANDARD = "gnu++17";
				CLANG_ENABLE_MODULES = YES;
				CLANG_ENABLE_OBJC_ARC = YES;
				CLANG_ENABLE_OBJC_WEAK = YES;
				CLANG_WARN_BLOCK_CAPTURE_AUTORELEASING = YES;
				CLANG_WARN_BOOL_CONVERSION = YES;
				CLANG_WARN_COMMA = YES;
				CLANG_WARN_CONSTANT_CONVERSION = YES;
				CLANG_WARN_DEPRECATED_OBJC_IMPLEMENTATIONS = YES;
				CLANG_WARN_DIRECT_OBJC_ISA_USAGE = YES_ERROR;
				CLANG_WARN_DOCUMENTATION_COMMENTS = YES;
				CLANG_WARN_EMPTY_BODY = YES;
				CLANG_WARN_ENUM_CONVERSION = YES;
				CLANG_WARN_INFINITE_RECURSION = YES;
				CLANG_WARN_INT_CONVERSION = YES;
				CLANG_WARN_NON_LITERAL_NULL_CONVERSION = YES;
				CLANG_WARN_OBJC_IMPLICIT_RETAIN_SELF = YES;
				CLANG_WARN_OBJC_LITERAL_CONVERSION = YES;
				CLANG_WARN_OBJC_ROOT_CLASS = YES_ERROR;
				CLANG_WARN_QUOTED_INCLUDE_IN_FRAMEWORK_HEADER = YES;
				CLANG_WARN_RANGE_LOOP_ANALYSIS = YES;
				CLANG_WARN_STRICT_PROTOTYPES = YES;
				CLANG_WARN_SUSPICIOUS_MOVE = YES;
				CLANG_WARN_UNGUARDED_AVAILABILITY = YES_AGGRESSIVE;
				CLANG_WARN_UNREACHABLE_CODE = YES;
				CLANG_WARN__DUPLICATE_METHOD_MATCH = YES;
				COPY_PHASE_STRIP = NO;
				DEBUG_INFORMATION_FORMAT = "dwarf-with-dsym";
				ENABLE_NS_ASSERTIONS = NO;
				ENABLE_STRICT_OBJC_MSGSEND = YES;
				GCC_C_LANGUAGE_STANDARD = gnu11;
				GCC_NO_COMMON_BLOCKS = YES;
				GCC_WARN_64_TO_32_BIT_CONVERSION = YES;
				GCC_WARN_ABOUT_RETURN_TYPE = YES_ERROR;
				GCC_WARN_UNDECLARED_SELECTOR = YES;
				GCC_WARN_UNINITIALIZED_AUTOS = YES_AGGRESSIVE;
				GCC_WARN_UNUSED_FUNCTION = YES;
				GCC_WARN_UNUSED_VARIABLE = YES;
				IPHONEOS_DEPLOYMENT_TARGET = 15.5;
				MTL_ENABLE_DEBUG_INFO = NO;
				MTL_FAST_MATH = YES;
				SDKROOT = iphoneos;
				SWIFT_COMPILATION_MODE = wholemodule;
				SWIFT_OPTIMIZATION_LEVEL = "-O";
				VALIDATE_PRODUCT = YES;
			};
			name = Release;
		};
		13B96F5D28CF779A0019EDF3 /* Debug */ = {
			isa = XCBuildConfiguration;
			baseConfigurationReference = F00E45FFCF99A03470FC1E9F /* Pods-API Sample.debug.xcconfig */;
			buildSettings = {
				ASSETCATALOG_COMPILER_APPICON_NAME = AppIcon;
				ASSETCATALOG_COMPILER_GLOBAL_ACCENT_COLOR_NAME = AccentColor;
				CODE_SIGN_STYLE = Automatic;
				CURRENT_PROJECT_VERSION = 1;
				DEVELOPMENT_TEAM = DT3UEE3NNJ;
				GENERATE_INFOPLIST_FILE = YES;
				INFOPLIST_FILE = "API Sample/Info.plist";
				INFOPLIST_KEY_UIApplicationSupportsIndirectInputEvents = YES;
				INFOPLIST_KEY_UILaunchStoryboardName = LaunchScreen;
				INFOPLIST_KEY_UIMainStoryboardFile = Main;
				INFOPLIST_KEY_UISupportedInterfaceOrientations_iPad = "UIInterfaceOrientationPortrait UIInterfaceOrientationPortraitUpsideDown UIInterfaceOrientationLandscapeLeft UIInterfaceOrientationLandscapeRight";
				INFOPLIST_KEY_UISupportedInterfaceOrientations_iPhone = "UIInterfaceOrientationPortrait UIInterfaceOrientationLandscapeLeft UIInterfaceOrientationLandscapeRight";
				IPHONEOS_DEPLOYMENT_TARGET = 13.0;
				LD_RUNPATH_SEARCH_PATHS = (
					"$(inherited)",
					"@executable_path/Frameworks",
				);
				MARKETING_VERSION = 1.0;
				PRODUCT_BUNDLE_IDENTIFIER = us.inavi.sample.api;
				PRODUCT_NAME = "$(TARGET_NAME)";
				SWIFT_EMIT_LOC_STRINGS = YES;
				SWIFT_VERSION = 5.0;
				TARGETED_DEVICE_FAMILY = "1,2";
			};
			name = Debug;
		};
		13B96F5E28CF779A0019EDF3 /* Release */ = {
			isa = XCBuildConfiguration;
			baseConfigurationReference = 0CEFA18BBE28255D0623CA65 /* Pods-API Sample.release.xcconfig */;
			buildSettings = {
				ASSETCATALOG_COMPILER_APPICON_NAME = AppIcon;
				ASSETCATALOG_COMPILER_GLOBAL_ACCENT_COLOR_NAME = AccentColor;
				CODE_SIGN_STYLE = Automatic;
				CURRENT_PROJECT_VERSION = 1;
				DEVELOPMENT_TEAM = DT3UEE3NNJ;
				GENERATE_INFOPLIST_FILE = YES;
				INFOPLIST_FILE = "API Sample/Info.plist";
				INFOPLIST_KEY_UIApplicationSupportsIndirectInputEvents = YES;
				INFOPLIST_KEY_UILaunchStoryboardName = LaunchScreen;
				INFOPLIST_KEY_UIMainStoryboardFile = Main;
				INFOPLIST_KEY_UISupportedInterfaceOrientations_iPad = "UIInterfaceOrientationPortrait UIInterfaceOrientationPortraitUpsideDown UIInterfaceOrientationLandscapeLeft UIInterfaceOrientationLandscapeRight";
				INFOPLIST_KEY_UISupportedInterfaceOrientations_iPhone = "UIInterfaceOrientationPortrait UIInterfaceOrientationLandscapeLeft UIInterfaceOrientationLandscapeRight";
				IPHONEOS_DEPLOYMENT_TARGET = 13.0;
				LD_RUNPATH_SEARCH_PATHS = (
					"$(inherited)",
					"@executable_path/Frameworks",
				);
				MARKETING_VERSION = 1.0;
				PRODUCT_BUNDLE_IDENTIFIER = us.inavi.sample.api;
				PRODUCT_NAME = "$(TARGET_NAME)";
				SWIFT_EMIT_LOC_STRINGS = YES;
				SWIFT_VERSION = 5.0;
				TARGETED_DEVICE_FAMILY = "1,2";
			};
			name = Release;
		};
/* End XCBuildConfiguration section */

/* Begin XCConfigurationList section */
		13B96F4328CF77950019EDF3 /* Build configuration list for PBXProject "API Sample" */ = {
			isa = XCConfigurationList;
			buildConfigurations = (
				13B96F5A28CF779A0019EDF3 /* Debug */,
				13B96F5B28CF779A0019EDF3 /* Release */,
			);
			defaultConfigurationIsVisible = 0;
			defaultConfigurationName = Release;
		};
		13B96F5C28CF779A0019EDF3 /* Build configuration list for PBXNativeTarget "API Sample" */ = {
			isa = XCConfigurationList;
			buildConfigurations = (
				13B96F5D28CF779A0019EDF3 /* Debug */,
				13B96F5E28CF779A0019EDF3 /* Release */,
			);
			defaultConfigurationIsVisible = 0;
			defaultConfigurationName = Release;
		};
/* End XCConfigurationList section */
	};
	rootObject = 13B96F4028CF77950019EDF3 /* Project object */;
}
