PODS:
  - INVcglib (0.1.2)
  - INVCppHelper (0.1.7)
  - INVCpr (0.1.1):
    - INVCurl (~> 0.1)
  - INVCurl (0.1.1):
    - INVOpenssl (~> 0.1)
  - INVData (0.1.4):
    - INVflatbuffers (~> 0.1)
  - INVeventpp (0.1.2)
  - INVflatbuffers (0.1.2)
  - INVhttprequest (0.1.2)
  - INVLicenseManager (0.1.15):
    - INVCppHelper (~> 0.1)
    - INVCpr (~> 0.1)
    - INVMMKV (~> 0.1)
    - INVObjects (~> 0.1)
  - INVManifest (0.1.12):
    - INVCppHelper (~> 0.1)
    - INVObjects (~> 0.1)
  - INVMMKV (0.1.1)
  - INVObjects (0.1.6)
  - INVOpenssl (0.1.1)
  - INVPackageManager (0.1.18):
    - INVCppHelper (~> 0.1)
    - INVData (~> 0.1)
    - INVeventpp (~> 0.1)
    - INVLicenseManager (~> 0.1)
    - INVMMKV (~> 0.1)
  - INVpicojson (0.1.2)
  - INVRouting (0.1.11):
    - INVcglib (~> 0.1)
    - INVCppHelper (~> 0.1)
    - INVhttprequest (~> 0.1)
    - INVObjects (~> 0.1)
    - INVPackageManager (~> 0.1)
    - INVpicojson (~> 0.1)
    - INVSGRE (~> 0.1)
    - INVtess2 (~> 0.1)
  - INVSGRE (0.1.2):
    - INVcglib (~> 0.1)
    - INVhttprequest (~> 0.1)
    - INVpicojson (~> 0.1)
    - INVtess2 (~> 0.1)
  - INVtess2 (0.1.2)

DEPENDENCIES:
  - INVManifest
  - INVRouting

SPEC REPOS:
  https://github.com/CocoaPods/Specs.git:
    - INVCpr
    - INVCurl
    - INVMMKV
    - INVOpenssl
  https://gitlab.com/inavi_us/inavi-pod-repo.git:
    - INVcglib
    - INVCppHelper
    - INVData
    - INVeventpp
    - INVflatbuffers
    - INVhttprequest
    - INVLicenseManager
    - INVManifest
    - INVObjects
    - INVPackageManager
    - INVpicojson
    - INVRouting
    - INVSGRE
    - INVtess2

SPEC CHECKSUMS:
  INVcglib: 29327f149d0d6c88390a95fa5429aa7fb09c2207
  INVCppHelper: b86b24c95e222bdd4c94a3f33334d90f12b92020
  INVCpr: 75fb417421abc0cca03eda632b9da83384054838
  INVCurl: 4d869387e3846a2dfc1ae7258794084cd2276797
  INVData: bc7921ce02352f6dbd4d8fc2ece66934902a0b69
  INVeventpp: 5a9e0795ee0f282dc7d52e3dd0e6f531aa8e1d14
  INVflatbuffers: 62df56c0e8989bee5a09d26780621be3f013abf7
  INVhttprequest: e2193e65494789bfeadfd71593bc677550a9d1ab
  INVLicenseManager: fd75fa6c95c9714179596627e6e8afa5c572d323
  INVManifest: f659bdd3288ee2f1703cd8ae59d4da9f1e6a4edf
  INVMMKV: e0a002af88e8a7a6f52cdd29c9220fa7336d989d
  INVObjects: f2e53c39b4fa1d78ad446ead8ba9c33134cb3901
  INVOpenssl: 9c289fdb2d9ca91cf17d324bbfdb25d16c5af906
  INVPackageManager: a37b951589403ae6926f272b83f7715c05f79a30
  INVpicojson: 1efdd3e17094b2933fa0076f02c0f14e62325fd5
  INVRouting: bdacd45d35df34cda910606136b535c29c82319a
  INVSGRE: ac04ea3138419f8e6b4a7b30bb2f22a01b51287b
  INVtess2: ec87dc5ed16763916b6d1e55bc1e041ee0ad5186

PODFILE CHECKSUM: dfaa88b89ebed685f1fd2e9f463e1113f6213fdd

COCOAPODS: 1.11.3
