PODS:
  - INVAlglib (0.1.3)
  - INVCppHelper (4.0.0)
  - INVCpr (0.1.4):
    - INVCurl
  - INVCurl (0.1.4):
    - INVOpenssl
  - INVData (4.0.0):
    - INVflatbuffers (~> 0.0)
  - INVeventpp (0.1.3)
  - INVflatbuffers (0.1.3)
  - INVLicenseManager (4.0.0):
    - INVCppHelper (~> 4.0)
    - INVCpr (~> 0.0)
    - INVMMKV (~> 0.0)
    - INVObjects (~> 4.0)
  - INVMMKV (0.1.4)
  - INVObjects (4.0.0)
  - INVOpenssl (0.1.4)
  - INVPackageManager (4.0.0):
    - INVCppHelper (~> 4.0)
    - INVData (~> 4.0)
    - INVeventpp (~> 0.0)
    - INVLicenseManager (~> 4.0)
    - INVMMKV (~> 0.0)
  - INVPositioner (4.0.2):
    - INVAlglib (~> 0.0)
    - INVCppHelper (~> 4.0)
    - INVData (~> 4.0)
    - INVeventpp (~> 0.0)
    - INVPackageManager (~> 4.0)
    - INVSensorManager (~> 4.0)
  - INVSensorManager (4.0.0):
    - INVAlglib (~> 0.0)
    - INVCppHelper (~> 4.0)
    - INVData (~> 4.0)
    - INVeventpp (~> 0.0)
    - INVSmoothing (~> 4.0)
  - INVSmoothing (4.0.0)

DEPENDENCIES:
  - INVPositioner

SPEC REPOS:
  https://gitlab.com/inavi_us/inavi-pod-repo.git:
    - INVAlglib
    - INVCppHelper
    - INVCpr
    - INVCurl
    - INVData
    - INVeventpp
    - INVflatbuffers
    - INVLicenseManager
    - INVMMKV
    - INVObjects
    - INVOpenssl
    - INVPackageManager
    - INVPositioner
    - INVSensorManager
    - INVSmoothing

SPEC CHECKSUMS:
  INVAlglib: b0a16ebbebfc9bc3c89981326539d4f924aae5d6
  INVCppHelper: cfaad87eb6c7de9b1d37b1bb3cc1c9f36f25bf02
  INVCpr: 3a408c5271abd8888c51ecc3530e1a3541af3353
  INVCurl: b771742da64589f877f7d9a493fb038cc5e290dc
  INVData: ffd46e3e15c31a484e3203b8426dec6999d11377
  INVeventpp: da2eb82acae465e4b30f46d0967a8bcd64644c19
  INVflatbuffers: 251e00ddcb9a553b4558b2634d0e22ebd8951b51
  INVLicenseManager: c9c1a82ad8a4c23a305c0f6b24864aaabd5f2ed3
  INVMMKV: 3d5fe8c44894f933a1d42c35470ecc04c4babf2d
  INVObjects: b544534a085862c7b9639322b2b160e6e7bdff37
  INVOpenssl: a1ad9945cb08356da764cc72e1c98735f516704f
  INVPackageManager: 802e613e8213d284d18f7f7ec3a9d9764ce4917e
  INVPositioner: cd36d948803036e5cfdacb8999636f535f54eac9
  INVSensorManager: 0ee9036cd2e643c7659fd19285134aeb4cf48765
  INVSmoothing: aaa1570daf58fcae5bef0da0ce5031a97dc89242

PODFILE CHECKSUM: 1a4f4f08c2942fb2104ae4c80ffc1c0bbaae8789

COCOAPODS: 1.11.3
