PODS:
  - INVCppHelper (0.1.7)
  - INVCpr (0.1.1):
    - INVCurl (~> 0.1)
  - INVCurl (0.1.1):
    - INVOpenssl (~> 0.1)
  - INVLicenseManager (0.1.15):
    - INVCppHelper (~> 0.1)
    - INVCpr (~> 0.1)
    - INVMMKV (~> 0.1)
    - INVObjects (~> 0.1)
  - INVManifest (0.1.12):
    - INVCppHelper (~> 0.1)
    - INVObjects (~> 0.1)
  - INVMMKV (0.1.1)
  - INVObjects (0.1.6)
  - INVOpenssl (0.1.1)

DEPENDENCIES:
  - INVLicenseManager
  - INVManifest

SPEC REPOS:
  https://gitlab.com/inavi_us/inavi-pod-repo.git:
    - INVCppHelper
    - INVCpr
    - INVCurl
    - INVLicenseManager
    - INVManifest
    - INVMMKV
    - INVObjects
    - INVOpenssl

SPEC CHECKSUMS:
  INVCppHelper: b86b24c95e222bdd4c94a3f33334d90f12b92020
  INVCpr: 72cfe299ef832685f8d16acb5cefe4a22618c7a8
  INVCurl: 9b4ab56147b20f55b763491cd74c10b404923994
  INVLicenseManager: fd75fa6c95c9714179596627e6e8afa5c572d323
  INVManifest: f659bdd3288ee2f1703cd8ae59d4da9f1e6a4edf
  INVMMKV: 00356cb06d8fb9666c71adf64c8ddd4b4c5ff67a
  INVObjects: f2e53c39b4fa1d78ad446ead8ba9c33134cb3901
  INVOpenssl: d849268646cf41b329db2baa97e0f91ec12fcd0d

PODFILE CHECKSUM: 02a5b8c252c794df413d44d0a517a0f6da8bdc9e

COCOAPODS: 1.11.3
