PODS:
  - INVCppHelper (4.0.0)
  - INVCpr (0.1.4):
    - INVCurl
  - INVCurl (0.1.4):
    - INVOpenssl
  - INVLicenseManager (4.0.0):
    - INVCppHelper (~> 4.0)
    - INVCpr (~> 0.0)
    - INVMMKV (~> 0.0)
    - INVObjects (~> 4.0)
  - INVManifest (4.0.8):
    - INVCppHelper (~> 4.0)
    - INVObjects (~> 4.0)
  - INVMMKV (0.1.4)
  - INVObjects (4.0.0)
  - INVOpenssl (0.1.4)

DEPENDENCIES:
  - INVLicenseManager
  - INVManifest

SPEC REPOS:
  https://gitlab.com/inavi_us/inavi-pod-repo.git:
    - INVCppHelper
    - INVCpr
    - INVCurl
    - INVLicenseManager
    - INVManifest
    - INVMMKV
    - INVObjects
    - INVOpenssl

SPEC CHECKSUMS:
  INVCppHelper: cfaad87eb6c7de9b1d37b1bb3cc1c9f36f25bf02
  INVCpr: 3a408c5271abd8888c51ecc3530e1a3541af3353
  INVCurl: b771742da64589f877f7d9a493fb038cc5e290dc
  INVLicenseManager: c9c1a82ad8a4c23a305c0f6b24864aaabd5f2ed3
  INVManifest: 69df3f790584688bfcd7c4fc0cd9dad17e84639a
  INVMMKV: 3d5fe8c44894f933a1d42c35470ecc04c4babf2d
  INVObjects: b544534a085862c7b9639322b2b160e6e7bdff37
  INVOpenssl: a1ad9945cb08356da764cc72e1c98735f516704f

PODFILE CHECKSUM: 02a5b8c252c794df413d44d0a517a0f6da8bdc9e

COCOAPODS: 1.11.3
