// !$*UTF8*$!
{
	archiveVersion = 1;
	classes = {
	};
	objectVersion = 55;
	objects = {

/* Begin PBXBuildFile section */
		82CEEF6A199F99A6753CC3F6 /* Pods_NotificationService_Sample.framework in Frameworks */ = {isa = PBXBuildFile; fileRef = 940EAB6E0C16AE29CB2BABB6 /* Pods_NotificationService_Sample.framework */; };
		AB0CE13F291B82B5009588CE /* AppDelegate.swift in Sources */ = {isa = PBXBuildFile; fileRef = AB0CE13E291B82B5009588CE /* AppDelegate.swift */; };
		AB0CE141291B82B5009588CE /* SceneDelegate.swift in Sources */ = {isa = PBXBuildFile; fileRef = AB0CE140291B82B5009588CE /* SceneDelegate.swift */; };
		AB0CE143291B82B5009588CE /* ViewController.swift in Sources */ = {isa = PBXBuildFile; fileRef = AB0CE142291B82B5009588CE /* ViewController.swift */; };
		AB0CE146291B82B5009588CE /* Main.storyboard in Resources */ = {isa = PBXBuildFile; fileRef = AB0CE144291B82B5009588CE /* Main.storyboard */; };
		AB0CE148291B82B7009588CE /* Assets.xcassets in Resources */ = {isa = PBXBuildFile; fileRef = AB0CE147291B82B7009588CE /* Assets.xcassets */; };
		AB0CE14B291B82B7009588CE /* LaunchScreen.storyboard in Resources */ = {isa = PBXBuildFile; fileRef = AB0CE149291B82B7009588CE /* LaunchScreen.storyboard */; };
/* End PBXBuildFile section */

/* Begin PBXFileReference section */
		144C4B8A4C0CC21869B3AFCA /* Pods-NotificationService Sample.release.xcconfig */ = {isa = PBXFileReference; includeInIndex = 1; lastKnownFileType = text.xcconfig; name = "Pods-NotificationService Sample.release.xcconfig"; path = "Target Support Files/Pods-NotificationService Sample/Pods-NotificationService Sample.release.xcconfig"; sourceTree = "<group>"; };
		940EAB6E0C16AE29CB2BABB6 /* Pods_NotificationService_Sample.framework */ = {isa = PBXFileReference; explicitFileType = wrapper.framework; includeInIndex = 0; path = Pods_NotificationService_Sample.framework; sourceTree = BUILT_PRODUCTS_DIR; };
		9DB79A8F3E2962ECFE8BF5C4 /* Pods-Notification Sample.release.xcconfig */ = {isa = PBXFileReference; includeInIndex = 1; lastKnownFileType = text.xcconfig; name = "Pods-Notification Sample.release.xcconfig"; path = "Target Support Files/Pods-Notification Sample/Pods-Notification Sample.release.xcconfig"; sourceTree = "<group>"; };
		A4249969C740E8940962F79A /* Pods-NotificationService Sample.debug.xcconfig */ = {isa = PBXFileReference; includeInIndex = 1; lastKnownFileType = text.xcconfig; name = "Pods-NotificationService Sample.debug.xcconfig"; path = "Target Support Files/Pods-NotificationService Sample/Pods-NotificationService Sample.debug.xcconfig"; sourceTree = "<group>"; };
		AB0CE13B291B82B5009588CE /* NotificationService Sample.app */ = {isa = PBXFileReference; explicitFileType = wrapper.application; includeInIndex = 0; path = "NotificationService Sample.app"; sourceTree = BUILT_PRODUCTS_DIR; };
		AB0CE13E291B82B5009588CE /* AppDelegate.swift */ = {isa = PBXFileReference; lastKnownFileType = sourcecode.swift; path = AppDelegate.swift; sourceTree = "<group>"; };
		AB0CE140291B82B5009588CE /* SceneDelegate.swift */ = {isa = PBXFileReference; lastKnownFileType = sourcecode.swift; path = SceneDelegate.swift; sourceTree = "<group>"; };
		AB0CE142291B82B5009588CE /* ViewController.swift */ = {isa = PBXFileReference; lastKnownFileType = sourcecode.swift; path = ViewController.swift; sourceTree = "<group>"; };
		AB0CE145291B82B5009588CE /* Base */ = {isa = PBXFileReference; lastKnownFileType = file.storyboard; name = Base; path = Base.lproj/Main.storyboard; sourceTree = "<group>"; };
		AB0CE147291B82B7009588CE /* Assets.xcassets */ = {isa = PBXFileReference; lastKnownFileType = folder.assetcatalog; path = Assets.xcassets; sourceTree = "<group>"; };
		AB0CE14A291B82B7009588CE /* Base */ = {isa = PBXFileReference; lastKnownFileType = file.storyboard; name = Base; path = Base.lproj/LaunchScreen.storyboard; sourceTree = "<group>"; };
		AB0CE14C291B82B7009588CE /* Info.plist */ = {isa = PBXFileReference; lastKnownFileType = text.plist.xml; path = Info.plist; sourceTree = "<group>"; };
		E322B112149AE3AC47105640 /* Pods-Notification Sample.debug.xcconfig */ = {isa = PBXFileReference; includeInIndex = 1; lastKnownFileType = text.xcconfig; name = "Pods-Notification Sample.debug.xcconfig"; path = "Target Support Files/Pods-Notification Sample/Pods-Notification Sample.debug.xcconfig"; sourceTree = "<group>"; };
/* End PBXFileReference section */

/* Begin PBXFrameworksBuildPhase section */
		AB0CE138291B82B5009588CE /* Frameworks */ = {
			isa = PBXFrameworksBuildPhase;
			buildActionMask = 2147483647;
			files = (
				82CEEF6A199F99A6753CC3F6 /* Pods_NotificationService_Sample.framework in Frameworks */,
			);
			runOnlyForDeploymentPostprocessing = 0;
		};
/* End PBXFrameworksBuildPhase section */

/* Begin PBXGroup section */
		266406F7E6ACA43D0D7349AE /* Pods */ = {
			isa = PBXGroup;
			children = (
				E322B112149AE3AC47105640 /* Pods-Notification Sample.debug.xcconfig */,
				9DB79A8F3E2962ECFE8BF5C4 /* Pods-Notification Sample.release.xcconfig */,
				A4249969C740E8940962F79A /* Pods-NotificationService Sample.debug.xcconfig */,
				144C4B8A4C0CC21869B3AFCA /* Pods-NotificationService Sample.release.xcconfig */,
			);
			path = Pods;
			sourceTree = "<group>";
		};
		37134A31EC919F62A49575EE /* Frameworks */ = {
			isa = PBXGroup;
			children = (
				940EAB6E0C16AE29CB2BABB6 /* Pods_NotificationService_Sample.framework */,
			);
			name = Frameworks;
			sourceTree = "<group>";
		};
		AB0CE132291B82B5009588CE = {
			isa = PBXGroup;
			children = (
				AB0CE13D291B82B5009588CE /* NotificationService Sample */,
				AB0CE13C291B82B5009588CE /* Products */,
				266406F7E6ACA43D0D7349AE /* Pods */,
				37134A31EC919F62A49575EE /* Frameworks */,
			);
			sourceTree = "<group>";
		};
		AB0CE13C291B82B5009588CE /* Products */ = {
			isa = PBXGroup;
			children = (
				AB0CE13B291B82B5009588CE /* NotificationService Sample.app */,
			);
			name = Products;
			sourceTree = "<group>";
		};
		AB0CE13D291B82B5009588CE /* NotificationService Sample */ = {
			isa = PBXGroup;
			children = (
				AB0CE13E291B82B5009588CE /* AppDelegate.swift */,
				AB0CE140291B82B5009588CE /* SceneDelegate.swift */,
				AB0CE142291B82B5009588CE /* ViewController.swift */,
				AB0CE144291B82B5009588CE /* Main.storyboard */,
				AB0CE147291B82B7009588CE /* Assets.xcassets */,
				AB0CE149291B82B7009588CE /* LaunchScreen.storyboard */,
				AB0CE14C291B82B7009588CE /* Info.plist */,
			);
			path = "NotificationService Sample";
			sourceTree = "<group>";
		};
/* End PBXGroup section */

/* Begin PBXNativeTarget section */
		AB0CE13A291B82B5009588CE /* NotificationService Sample */ = {
			isa = PBXNativeTarget;
			buildConfigurationList = AB0CE14F291B82B7009588CE /* Build configuration list for PBXNativeTarget "NotificationService Sample" */;
			buildPhases = (
				5F9FEFB6B8F0C8554213FF93 /* [CP] Check Pods Manifest.lock */,
				AB0CE137291B82B5009588CE /* Sources */,
				AB0CE138291B82B5009588CE /* Frameworks */,
				AB0CE139291B82B5009588CE /* Resources */,
				2E80B622C4C27BC46D8EA371 /* [CP] Embed Pods Frameworks */,
			);
			buildRules = (
			);
			dependencies = (
			);
			name = "NotificationService Sample";
			productName = "Notification Sample";
			productReference = AB0CE13B291B82B5009588CE /* NotificationService Sample.app */;
			productType = "com.apple.product-type.application";
		};
/* End PBXNativeTarget section */

/* Begin PBXProject section */
		AB0CE133291B82B5009588CE /* Project object */ = {
			isa = PBXProject;
			attributes = {
				BuildIndependentTargetsInParallel = 1;
				LastSwiftUpdateCheck = 1400;
				LastUpgradeCheck = 1400;
				TargetAttributes = {
					AB0CE13A291B82B5009588CE = {
						CreatedOnToolsVersion = 14.0.1;
					};
				};
			};
			buildConfigurationList = AB0CE136291B82B5009588CE /* Build configuration list for PBXProject "NotificationService Sample" */;
			compatibilityVersion = "Xcode 13.0";
			developmentRegion = en;
			hasScannedForEncodings = 0;
			knownRegions = (
				en,
				Base,
			);
			mainGroup = AB0CE132291B82B5009588CE;
			productRefGroup = AB0CE13C291B82B5009588CE /* Products */;
			projectDirPath = "";
			projectRoot = "";
			targets = (
				AB0CE13A291B82B5009588CE /* NotificationService Sample */,
			);
		};
/* End PBXProject section */

/* Begin PBXResourcesBuildPhase section */
		AB0CE139291B82B5009588CE /* Resources */ = {
			isa = PBXResourcesBuildPhase;
			buildActionMask = 2147483647;
			files = (
				AB0CE14B291B82B7009588CE /* LaunchScreen.storyboard in Resources */,
				AB0CE148291B82B7009588CE /* Assets.xcassets in Resources */,
				AB0CE146291B82B5009588CE /* Main.storyboard in Resources */,
			);
			runOnlyForDeploymentPostprocessing = 0;
		};
/* End PBXResourcesBuildPhase section */

/* Begin PBXShellScriptBuildPhase section */
		2E80B622C4C27BC46D8EA371 /* [CP] Embed Pods Frameworks */ = {
			isa = PBXShellScriptBuildPhase;
			buildActionMask = 2147483647;
			files = (
			);
			inputFileListPaths = (
				"${PODS_ROOT}/Target Support Files/Pods-NotificationService Sample/Pods-NotificationService Sample-frameworks-${CONFIGURATION}-input-files.xcfilelist",
			);
			name = "[CP] Embed Pods Frameworks";
			outputFileListPaths = (
				"${PODS_ROOT}/Target Support Files/Pods-NotificationService Sample/Pods-NotificationService Sample-frameworks-${CONFIGURATION}-output-files.xcfilelist",
			);
			runOnlyForDeploymentPostprocessing = 0;
			shellPath = /bin/sh;
			shellScript = "\"${PODS_ROOT}/Target Support Files/Pods-NotificationService Sample/Pods-NotificationService Sample-frameworks.sh\"\n";
			showEnvVarsInLog = 0;
		};
		5F9FEFB6B8F0C8554213FF93 /* [CP] Check Pods Manifest.lock */ = {
			isa = PBXShellScriptBuildPhase;
			buildActionMask = 2147483647;
			files = (
			);
			inputFileListPaths = (
			);
			inputPaths = (
				"${PODS_PODFILE_DIR_PATH}/Podfile.lock",
				"${PODS_ROOT}/Manifest.lock",
			);
			name = "[CP] Check Pods Manifest.lock";
			outputFileListPaths = (
			);
			outputPaths = (
				"$(DERIVED_FILE_DIR)/Pods-NotificationService Sample-checkManifestLockResult.txt",
			);
			runOnlyForDeploymentPostprocessing = 0;
			shellPath = /bin/sh;
			shellScript = "diff \"${PODS_PODFILE_DIR_PATH}/Podfile.lock\" \"${PODS_ROOT}/Manifest.lock\" > /dev/null\nif [ $? != 0 ] ; then\n    # print error to STDERR\n    echo \"error: The sandbox is not in sync with the Podfile.lock. Run 'pod install' or update your CocoaPods installation.\" >&2\n    exit 1\nfi\n# This output is used by Xcode 'outputs' to avoid re-running this script phase.\necho \"SUCCESS\" > \"${SCRIPT_OUTPUT_FILE_0}\"\n";
			showEnvVarsInLog = 0;
		};
/* End PBXShellScriptBuildPhase section */

/* Begin PBXSourcesBuildPhase section */
		AB0CE137291B82B5009588CE /* Sources */ = {
			isa = PBXSourcesBuildPhase;
			buildActionMask = 2147483647;
			files = (
				AB0CE143291B82B5009588CE /* ViewController.swift in Sources */,
				AB0CE13F291B82B5009588CE /* AppDelegate.swift in Sources */,
				AB0CE141291B82B5009588CE /* SceneDelegate.swift in Sources */,
			);
			runOnlyForDeploymentPostprocessing = 0;
		};
/* End PBXSourcesBuildPhase section */

/* Begin PBXVariantGroup section */
		AB0CE144291B82B5009588CE /* Main.storyboard */ = {
			isa = PBXVariantGroup;
			children = (
				AB0CE145291B82B5009588CE /* Base */,
			);
			name = Main.storyboard;
			sourceTree = "<group>";
		};
		AB0CE149291B82B7009588CE /* LaunchScreen.storyboard */ = {
			isa = PBXVariantGroup;
			children = (
				AB0CE14A291B82B7009588CE /* Base */,
			);
			name = LaunchScreen.storyboard;
			sourceTree = "<group>";
		};
/* End PBXVariantGroup section */

/* Begin XCBuildConfiguration section */
		AB0CE14D291B82B7009588CE /* Debug */ = {
			isa = XCBuildConfiguration;
			buildSettings = {
				ALWAYS_SEARCH_USER_PATHS = NO;
				CLANG_ANALYZER_NONNULL = YES;
				CLANG_ANALYZER_NUMBER_OBJECT_CONVERSION = YES_AGGRESSIVE;
				CLANG_CXX_LANGUAGE_STANDARD = "gnu++20";
				CLANG_ENABLE_MODULES = YES;
				CLANG_ENABLE_OBJC_ARC = YES;
				CLANG_ENABLE_OBJC_WEAK = YES;
				CLANG_WARN_BLOCK_CAPTURE_AUTORELEASING = YES;
				CLANG_WARN_BOOL_CONVERSION = YES;
				CLANG_WARN_COMMA = YES;
				CLANG_WARN_CONSTANT_CONVERSION = YES;
				CLANG_WARN_DEPRECATED_OBJC_IMPLEMENTATIONS = YES;
				CLANG_WARN_DIRECT_OBJC_ISA_USAGE = YES_ERROR;
				CLANG_WARN_DOCUMENTATION_COMMENTS = YES;
				CLANG_WARN_EMPTY_BODY = YES;
				CLANG_WARN_ENUM_CONVERSION = YES;
				CLANG_WARN_INFINITE_RECURSION = YES;
				CLANG_WARN_INT_CONVERSION = YES;
				CLANG_WARN_NON_LITERAL_NULL_CONVERSION = YES;
				CLANG_WARN_OBJC_IMPLICIT_RETAIN_SELF = YES;
				CLANG_WARN_OBJC_LITERAL_CONVERSION = YES;
				CLANG_WARN_OBJC_ROOT_CLASS = YES_ERROR;
				CLANG_WARN_QUOTED_INCLUDE_IN_FRAMEWORK_HEADER = YES;
				CLANG_WARN_RANGE_LOOP_ANALYSIS = YES;
				CLANG_WARN_STRICT_PROTOTYPES = YES;
				CLANG_WARN_SUSPICIOUS_MOVE = YES;
				CLANG_WARN_UNGUARDED_AVAILABILITY = YES_AGGRESSIVE;
				CLANG_WARN_UNREACHABLE_CODE = YES;
				CLANG_WARN__DUPLICATE_METHOD_MATCH = YES;
				COPY_PHASE_STRIP = NO;
				DEBUG_INFORMATION_FORMAT = dwarf;
				ENABLE_STRICT_OBJC_MSGSEND = YES;
				ENABLE_TESTABILITY = YES;
				GCC_C_LANGUAGE_STANDARD = gnu11;
				GCC_DYNAMIC_NO_PIC = NO;
				GCC_NO_COMMON_BLOCKS = YES;
				GCC_OPTIMIZATION_LEVEL = 0;
				GCC_PREPROCESSOR_DEFINITIONS = (
					"DEBUG=1",
					"$(inherited)",
				);
				GCC_WARN_64_TO_32_BIT_CONVERSION = YES;
				GCC_WARN_ABOUT_RETURN_TYPE = YES_ERROR;
				GCC_WARN_UNDECLARED_SELECTOR = YES;
				GCC_WARN_UNINITIALIZED_AUTOS = YES_AGGRESSIVE;
				GCC_WARN_UNUSED_FUNCTION = YES;
				GCC_WARN_UNUSED_VARIABLE = YES;
				IPHONEOS_DEPLOYMENT_TARGET = 16.0;
				MTL_ENABLE_DEBUG_INFO = INCLUDE_SOURCE;
				MTL_FAST_MATH = YES;
				ONLY_ACTIVE_ARCH = YES;
				SDKROOT = iphoneos;
				SWIFT_ACTIVE_COMPILATION_CONDITIONS = DEBUG;
				SWIFT_OPTIMIZATION_LEVEL = "-Onone";
			};
			name = Debug;
		};
		AB0CE14E291B82B7009588CE /* Release */ = {
			isa = XCBuildConfiguration;
			buildSettings = {
				ALWAYS_SEARCH_USER_PATHS = NO;
				CLANG_ANALYZER_NONNULL = YES;
				CLANG_ANALYZER_NUMBER_OBJECT_CONVERSION = YES_AGGRESSIVE;
				CLANG_CXX_LANGUAGE_STANDARD = "gnu++20";
				CLANG_ENABLE_MODULES = YES;
				CLANG_ENABLE_OBJC_ARC = YES;
				CLANG_ENABLE_OBJC_WEAK = YES;
				CLANG_WARN_BLOCK_CAPTURE_AUTORELEASING = YES;
				CLANG_WARN_BOOL_CONVERSION = YES;
				CLANG_WARN_COMMA = YES;
				CLANG_WARN_CONSTANT_CONVERSION = YES;
				CLANG_WARN_DEPRECATED_OBJC_IMPLEMENTATIONS = YES;
				CLANG_WARN_DIRECT_OBJC_ISA_USAGE = YES_ERROR;
				CLANG_WARN_DOCUMENTATION_COMMENTS = YES;
				CLANG_WARN_EMPTY_BODY = YES;
				CLANG_WARN_ENUM_CONVERSION = YES;
				CLANG_WARN_INFINITE_RECURSION = YES;
				CLANG_WARN_INT_CONVERSION = YES;
				CLANG_WARN_NON_LITERAL_NULL_CONVERSION = YES;
				CLANG_WARN_OBJC_IMPLICIT_RETAIN_SELF = YES;
				CLANG_WARN_OBJC_LITERAL_CONVERSION = YES;
				CLANG_WARN_OBJC_ROOT_CLASS = YES_ERROR;
				CLANG_WARN_QUOTED_INCLUDE_IN_FRAMEWORK_HEADER = YES;
				CLANG_WARN_RANGE_LOOP_ANALYSIS = YES;
				CLANG_WARN_STRICT_PROTOTYPES = YES;
				CLANG_WARN_SUSPICIOUS_MOVE = YES;
				CLANG_WARN_UNGUARDED_AVAILABILITY = YES_AGGRESSIVE;
				CLANG_WARN_UNREACHABLE_CODE = YES;
				CLANG_WARN__DUPLICATE_METHOD_MATCH = YES;
				COPY_PHASE_STRIP = NO;
				DEBUG_INFORMATION_FORMAT = "dwarf-with-dsym";
				ENABLE_NS_ASSERTIONS = NO;
				ENABLE_STRICT_OBJC_MSGSEND = YES;
				GCC_C_LANGUAGE_STANDARD = gnu11;
				GCC_NO_COMMON_BLOCKS = YES;
				GCC_WARN_64_TO_32_BIT_CONVERSION = YES;
				GCC_WARN_ABOUT_RETURN_TYPE = YES_ERROR;
				GCC_WARN_UNDECLARED_SELECTOR = YES;
				GCC_WARN_UNINITIALIZED_AUTOS = YES_AGGRESSIVE;
				GCC_WARN_UNUSED_FUNCTION = YES;
				GCC_WARN_UNUSED_VARIABLE = YES;
				IPHONEOS_DEPLOYMENT_TARGET = 16.0;
				MTL_ENABLE_DEBUG_INFO = NO;
				MTL_FAST_MATH = YES;
				SDKROOT = iphoneos;
				SWIFT_COMPILATION_MODE = wholemodule;
				SWIFT_OPTIMIZATION_LEVEL = "-O";
				VALIDATE_PRODUCT = YES;
			};
			name = Release;
		};
		AB0CE150291B82B7009588CE /* Debug */ = {
			isa = XCBuildConfiguration;
			baseConfigurationReference = A4249969C740E8940962F79A /* Pods-NotificationService Sample.debug.xcconfig */;
			buildSettings = {
				ASSETCATALOG_COMPILER_APPICON_NAME = AppIcon;
				ASSETCATALOG_COMPILER_GLOBAL_ACCENT_COLOR_NAME = AccentColor;
				CODE_SIGN_STYLE = Automatic;
				CURRENT_PROJECT_VERSION = 1;
				DEVELOPMENT_TEAM = DT3UEE3NNJ;
				GENERATE_INFOPLIST_FILE = YES;
				INFOPLIST_FILE = "NotificationService Sample/Info.plist";
				INFOPLIST_KEY_UIApplicationSupportsIndirectInputEvents = YES;
				INFOPLIST_KEY_UILaunchStoryboardName = LaunchScreen;
				INFOPLIST_KEY_UIMainStoryboardFile = Main;
				INFOPLIST_KEY_UISupportedInterfaceOrientations_iPad = "UIInterfaceOrientationPortrait UIInterfaceOrientationPortraitUpsideDown UIInterfaceOrientationLandscapeLeft UIInterfaceOrientationLandscapeRight";
				INFOPLIST_KEY_UISupportedInterfaceOrientations_iPhone = "UIInterfaceOrientationPortrait UIInterfaceOrientationLandscapeLeft UIInterfaceOrientationLandscapeRight";
				IPHONEOS_DEPLOYMENT_TARGET = 15.0;
				LD_RUNPATH_SEARCH_PATHS = (
					"$(inherited)",
					"@executable_path/Frameworks",
				);
				MARKETING_VERSION = 1.0;
				PRODUCT_BUNDLE_IDENTIFIER = us.inavi.sample.notification;
				PRODUCT_NAME = "$(TARGET_NAME)";
				SWIFT_EMIT_LOC_STRINGS = YES;
				SWIFT_VERSION = 5.0;
				TARGETED_DEVICE_FAMILY = "1,2";
			};
			name = Debug;
		};
		AB0CE151291B82B7009588CE /* Release */ = {
			isa = XCBuildConfiguration;
			baseConfigurationReference = 144C4B8A4C0CC21869B3AFCA /* Pods-NotificationService Sample.release.xcconfig */;
			buildSettings = {
				ASSETCATALOG_COMPILER_APPICON_NAME = AppIcon;
				ASSETCATALOG_COMPILER_GLOBAL_ACCENT_COLOR_NAME = AccentColor;
				CODE_SIGN_STYLE = Automatic;
				CURRENT_PROJECT_VERSION = 1;
				DEVELOPMENT_TEAM = DT3UEE3NNJ;
				GENERATE_INFOPLIST_FILE = YES;
				INFOPLIST_FILE = "NotificationService Sample/Info.plist";
				INFOPLIST_KEY_UIApplicationSupportsIndirectInputEvents = YES;
				INFOPLIST_KEY_UILaunchStoryboardName = LaunchScreen;
				INFOPLIST_KEY_UIMainStoryboardFile = Main;
				INFOPLIST_KEY_UISupportedInterfaceOrientations_iPad = "UIInterfaceOrientationPortrait UIInterfaceOrientationPortraitUpsideDown UIInterfaceOrientationLandscapeLeft UIInterfaceOrientationLandscapeRight";
				INFOPLIST_KEY_UISupportedInterfaceOrientations_iPhone = "UIInterfaceOrientationPortrait UIInterfaceOrientationLandscapeLeft UIInterfaceOrientationLandscapeRight";
				IPHONEOS_DEPLOYMENT_TARGET = 15.0;
				LD_RUNPATH_SEARCH_PATHS = (
					"$(inherited)",
					"@executable_path/Frameworks",
				);
				MARKETING_VERSION = 1.0;
				PRODUCT_BUNDLE_IDENTIFIER = us.inavi.sample.notification;
				PRODUCT_NAME = "$(TARGET_NAME)";
				SWIFT_EMIT_LOC_STRINGS = YES;
				SWIFT_VERSION = 5.0;
				TARGETED_DEVICE_FAMILY = "1,2";
			};
			name = Release;
		};
/* End XCBuildConfiguration section */

/* Begin XCConfigurationList section */
		AB0CE136291B82B5009588CE /* Build configuration list for PBXProject "NotificationService Sample" */ = {
			isa = XCConfigurationList;
			buildConfigurations = (
				AB0CE14D291B82B7009588CE /* Debug */,
				AB0CE14E291B82B7009588CE /* Release */,
			);
			defaultConfigurationIsVisible = 0;
			defaultConfigurationName = Release;
		};
		AB0CE14F291B82B7009588CE /* Build configuration list for PBXNativeTarget "NotificationService Sample" */ = {
			isa = XCConfigurationList;
			buildConfigurations = (
				AB0CE150291B82B7009588CE /* Debug */,
				AB0CE151291B82B7009588CE /* Release */,
			);
			defaultConfigurationIsVisible = 0;
			defaultConfigurationName = Release;
		};
/* End XCConfigurationList section */
	};
	rootObject = AB0CE133291B82B5009588CE /* Project object */;
}
