// !$*UTF8*$!
{
	archiveVersion = 1;
	classes = {
	};
	objectVersion = 55;
	objects = {

/* Begin PBXBuildFile section */
		131C81CE28C629D1004B0A09 /* AppDelegate.swift in Sources */ = {isa = PBXBuildFile; fileRef = 131C81CD28C629D1004B0A09 /* AppDelegate.swift */; };
		131C81D028C629D1004B0A09 /* SceneDelegate.swift in Sources */ = {isa = PBXBuildFile; fileRef = 131C81CF28C629D1004B0A09 /* SceneDelegate.swift */; };
		131C81D228C629D1004B0A09 /* ViewController.swift in Sources */ = {isa = PBXBuildFile; fileRef = 131C81D128C629D1004B0A09 /* ViewController.swift */; };
		131C81D528C629D1004B0A09 /* Main.storyboard in Resources */ = {isa = PBXBuildFile; fileRef = 131C81D328C629D1004B0A09 /* Main.storyboard */; };
		131C81D728C629D9004B0A09 /* Assets.xcassets in Resources */ = {isa = PBXBuildFile; fileRef = 131C81D628C629D9004B0A09 /* Assets.xcassets */; };
		131C81DA28C629D9004B0A09 /* LaunchScreen.storyboard in Resources */ = {isa = PBXBuildFile; fileRef = 131C81D828C629D9004B0A09 /* LaunchScreen.storyboard */; };
		131C81E428C62DDE004B0A09 /* LicenseListener.swift in Sources */ = {isa = PBXBuildFile; fileRef = 131C81E128C62DDE004B0A09 /* LicenseListener.swift */; };
		131C81E528C62DDE004B0A09 /* VectorTileEventListener.swift in Sources */ = {isa = PBXBuildFile; fileRef = 131C81E228C62DDE004B0A09 /* VectorTileEventListener.swift */; };
		131C81E628C62DDE004B0A09 /* DownloadListener.swift in Sources */ = {isa = PBXBuildFile; fileRef = 131C81E328C62DDE004B0A09 /* DownloadListener.swift */; };
		131C81E828C62E77004B0A09 /* Const.swift in Sources */ = {isa = PBXBuildFile; fileRef = 131C81E728C62E76004B0A09 /* Const.swift */; };
		131C81EA28C630CA004B0A09 /* inavistyle.zip in Resources */ = {isa = PBXBuildFile; fileRef = 131C81E928C630CA004B0A09 /* inavistyle.zip */; };
		E6442FE6E0970A827DDC1BE4 /* Pods_Map_Sample.framework in Frameworks */ = {isa = PBXBuildFile; fileRef = 9F63D3CFD673468E4BF151E8 /* Pods_Map_Sample.framework */; };
/* End PBXBuildFile section */

/* Begin PBXFileReference section */
		131C81CA28C629D1004B0A09 /* Map Sample.app */ = {isa = PBXFileReference; explicitFileType = wrapper.application; includeInIndex = 0; path = "Map Sample.app"; sourceTree = BUILT_PRODUCTS_DIR; };
		131C81CD28C629D1004B0A09 /* AppDelegate.swift */ = {isa = PBXFileReference; lastKnownFileType = sourcecode.swift; path = AppDelegate.swift; sourceTree = "<group>"; };
		131C81CF28C629D1004B0A09 /* SceneDelegate.swift */ = {isa = PBXFileReference; lastKnownFileType = sourcecode.swift; path = SceneDelegate.swift; sourceTree = "<group>"; };
		131C81D128C629D1004B0A09 /* ViewController.swift */ = {isa = PBXFileReference; lastKnownFileType = sourcecode.swift; path = ViewController.swift; sourceTree = "<group>"; };
		131C81D428C629D1004B0A09 /* Base */ = {isa = PBXFileReference; lastKnownFileType = file.storyboard; name = Base; path = Base.lproj/Main.storyboard; sourceTree = "<group>"; };
		131C81D628C629D9004B0A09 /* Assets.xcassets */ = {isa = PBXFileReference; lastKnownFileType = folder.assetcatalog; path = Assets.xcassets; sourceTree = "<group>"; };
		131C81D928C629D9004B0A09 /* Base */ = {isa = PBXFileReference; lastKnownFileType = file.storyboard; name = Base; path = Base.lproj/LaunchScreen.storyboard; sourceTree = "<group>"; };
		131C81DB28C629D9004B0A09 /* Info.plist */ = {isa = PBXFileReference; lastKnownFileType = text.plist.xml; path = Info.plist; sourceTree = "<group>"; };
		131C81E128C62DDE004B0A09 /* LicenseListener.swift */ = {isa = PBXFileReference; fileEncoding = 4; lastKnownFileType = sourcecode.swift; path = LicenseListener.swift; sourceTree = "<group>"; };
		131C81E228C62DDE004B0A09 /* VectorTileEventListener.swift */ = {isa = PBXFileReference; fileEncoding = 4; lastKnownFileType = sourcecode.swift; path = VectorTileEventListener.swift; sourceTree = "<group>"; };
		131C81E328C62DDE004B0A09 /* DownloadListener.swift */ = {isa = PBXFileReference; fileEncoding = 4; lastKnownFileType = sourcecode.swift; path = DownloadListener.swift; sourceTree = "<group>"; };
		131C81E728C62E76004B0A09 /* Const.swift */ = {isa = PBXFileReference; fileEncoding = 4; lastKnownFileType = sourcecode.swift; path = Const.swift; sourceTree = "<group>"; };
		131C81E928C630CA004B0A09 /* inavistyle.zip */ = {isa = PBXFileReference; lastKnownFileType = archive.zip; path = inavistyle.zip; sourceTree = "<group>"; };
		261AF4EE0C632B9AA242B4E9 /* Pods-Map Sample.release.xcconfig */ = {isa = PBXFileReference; includeInIndex = 1; lastKnownFileType = text.xcconfig; name = "Pods-Map Sample.release.xcconfig"; path = "Target Support Files/Pods-Map Sample/Pods-Map Sample.release.xcconfig"; sourceTree = "<group>"; };
		9F63D3CFD673468E4BF151E8 /* Pods_Map_Sample.framework */ = {isa = PBXFileReference; explicitFileType = wrapper.framework; includeInIndex = 0; path = Pods_Map_Sample.framework; sourceTree = BUILT_PRODUCTS_DIR; };
		B0FFAF91A0F89EA7651D9C14 /* Pods-Map Sample.debug.xcconfig */ = {isa = PBXFileReference; includeInIndex = 1; lastKnownFileType = text.xcconfig; name = "Pods-Map Sample.debug.xcconfig"; path = "Target Support Files/Pods-Map Sample/Pods-Map Sample.debug.xcconfig"; sourceTree = "<group>"; };
/* End PBXFileReference section */

/* Begin PBXFrameworksBuildPhase section */
		131C81C728C629D1004B0A09 /* Frameworks */ = {
			isa = PBXFrameworksBuildPhase;
			buildActionMask = 2147483647;
			files = (
				E6442FE6E0970A827DDC1BE4 /* Pods_Map_Sample.framework in Frameworks */,
			);
			runOnlyForDeploymentPostprocessing = 0;
		};
/* End PBXFrameworksBuildPhase section */

/* Begin PBXGroup section */
		131C81C128C629D1004B0A09 = {
			isa = PBXGroup;
			children = (
				131C81CC28C629D1004B0A09 /* Map Sample */,
				131C81CB28C629D1004B0A09 /* Products */,
				A9372045DC5173E8FB537B16 /* Pods */,
				DF10D0F344B5C6ED20FE39C3 /* Frameworks */,
			);
			sourceTree = "<group>";
		};
		131C81CB28C629D1004B0A09 /* Products */ = {
			isa = PBXGroup;
			children = (
				131C81CA28C629D1004B0A09 /* Map Sample.app */,
			);
			name = Products;
			sourceTree = "<group>";
		};
		131C81CC28C629D1004B0A09 /* Map Sample */ = {
			isa = PBXGroup;
			children = (
				131C81E928C630CA004B0A09 /* inavistyle.zip */,
				131C81CD28C629D1004B0A09 /* AppDelegate.swift */,
				131C81CF28C629D1004B0A09 /* SceneDelegate.swift */,
				131C81D128C629D1004B0A09 /* ViewController.swift */,
				131C81E728C62E76004B0A09 /* Const.swift */,
				131C81E328C62DDE004B0A09 /* DownloadListener.swift */,
				131C81E128C62DDE004B0A09 /* LicenseListener.swift */,
				131C81E228C62DDE004B0A09 /* VectorTileEventListener.swift */,
				131C81D328C629D1004B0A09 /* Main.storyboard */,
				131C81D628C629D9004B0A09 /* Assets.xcassets */,
				131C81D828C629D9004B0A09 /* LaunchScreen.storyboard */,
				131C81DB28C629D9004B0A09 /* Info.plist */,
			);
			path = "Map Sample";
			sourceTree = "<group>";
		};
		A9372045DC5173E8FB537B16 /* Pods */ = {
			isa = PBXGroup;
			children = (
				B0FFAF91A0F89EA7651D9C14 /* Pods-Map Sample.debug.xcconfig */,
				261AF4EE0C632B9AA242B4E9 /* Pods-Map Sample.release.xcconfig */,
			);
			path = Pods;
			sourceTree = "<group>";
		};
		DF10D0F344B5C6ED20FE39C3 /* Frameworks */ = {
			isa = PBXGroup;
			children = (
				9F63D3CFD673468E4BF151E8 /* Pods_Map_Sample.framework */,
			);
			name = Frameworks;
			sourceTree = "<group>";
		};
/* End PBXGroup section */

/* Begin PBXNativeTarget section */
		131C81C928C629D1004B0A09 /* Map Sample */ = {
			isa = PBXNativeTarget;
			buildConfigurationList = 131C81DE28C629D9004B0A09 /* Build configuration list for PBXNativeTarget "Map Sample" */;
			buildPhases = (
				796390CE8A66ECCD07BD4CBD /* [CP] Check Pods Manifest.lock */,
				131C81C628C629D1004B0A09 /* Sources */,
				131C81C728C629D1004B0A09 /* Frameworks */,
				131C81C828C629D1004B0A09 /* Resources */,
				6415F8874699BF7CD3CCFC7D /* [CP] Embed Pods Frameworks */,
			);
			buildRules = (
			);
			dependencies = (
			);
			name = "Map Sample";
			productName = "Map Sample";
			productReference = 131C81CA28C629D1004B0A09 /* Map Sample.app */;
			productType = "com.apple.product-type.application";
		};
/* End PBXNativeTarget section */

/* Begin PBXProject section */
		131C81C228C629D1004B0A09 /* Project object */ = {
			isa = PBXProject;
			attributes = {
				BuildIndependentTargetsInParallel = 1;
				LastSwiftUpdateCheck = 1340;
				LastUpgradeCheck = 1340;
				TargetAttributes = {
					131C81C928C629D1004B0A09 = {
						CreatedOnToolsVersion = 13.4.1;
					};
				};
			};
			buildConfigurationList = 131C81C528C629D1004B0A09 /* Build configuration list for PBXProject "Map Sample" */;
			compatibilityVersion = "Xcode 13.0";
			developmentRegion = en;
			hasScannedForEncodings = 0;
			knownRegions = (
				en,
				Base,
			);
			mainGroup = 131C81C128C629D1004B0A09;
			productRefGroup = 131C81CB28C629D1004B0A09 /* Products */;
			projectDirPath = "";
			projectRoot = "";
			targets = (
				131C81C928C629D1004B0A09 /* Map Sample */,
			);
		};
/* End PBXProject section */

/* Begin PBXResourcesBuildPhase section */
		131C81C828C629D1004B0A09 /* Resources */ = {
			isa = PBXResourcesBuildPhase;
			buildActionMask = 2147483647;
			files = (
				131C81DA28C629D9004B0A09 /* LaunchScreen.storyboard in Resources */,
				131C81D728C629D9004B0A09 /* Assets.xcassets in Resources */,
				131C81D528C629D1004B0A09 /* Main.storyboard in Resources */,
				131C81EA28C630CA004B0A09 /* inavistyle.zip in Resources */,
			);
			runOnlyForDeploymentPostprocessing = 0;
		};
/* End PBXResourcesBuildPhase section */

/* Begin PBXShellScriptBuildPhase section */
		6415F8874699BF7CD3CCFC7D /* [CP] Embed Pods Frameworks */ = {
			isa = PBXShellScriptBuildPhase;
			buildActionMask = 2147483647;
			files = (
			);
			inputFileListPaths = (
				"${PODS_ROOT}/Target Support Files/Pods-Map Sample/Pods-Map Sample-frameworks-${CONFIGURATION}-input-files.xcfilelist",
			);
			name = "[CP] Embed Pods Frameworks";
			outputFileListPaths = (
				"${PODS_ROOT}/Target Support Files/Pods-Map Sample/Pods-Map Sample-frameworks-${CONFIGURATION}-output-files.xcfilelist",
			);
			runOnlyForDeploymentPostprocessing = 0;
			shellPath = /bin/sh;
			shellScript = "\"${PODS_ROOT}/Target Support Files/Pods-Map Sample/Pods-Map Sample-frameworks.sh\"\n";
			showEnvVarsInLog = 0;
		};
		796390CE8A66ECCD07BD4CBD /* [CP] Check Pods Manifest.lock */ = {
			isa = PBXShellScriptBuildPhase;
			buildActionMask = 2147483647;
			files = (
			);
			inputFileListPaths = (
			);
			inputPaths = (
				"${PODS_PODFILE_DIR_PATH}/Podfile.lock",
				"${PODS_ROOT}/Manifest.lock",
			);
			name = "[CP] Check Pods Manifest.lock";
			outputFileListPaths = (
			);
			outputPaths = (
				"$(DERIVED_FILE_DIR)/Pods-Map Sample-checkManifestLockResult.txt",
			);
			runOnlyForDeploymentPostprocessing = 0;
			shellPath = /bin/sh;
			shellScript = "diff \"${PODS_PODFILE_DIR_PATH}/Podfile.lock\" \"${PODS_ROOT}/Manifest.lock\" > /dev/null\nif [ $? != 0 ] ; then\n    # print error to STDERR\n    echo \"error: The sandbox is not in sync with the Podfile.lock. Run 'pod install' or update your CocoaPods installation.\" >&2\n    exit 1\nfi\n# This output is used by Xcode 'outputs' to avoid re-running this script phase.\necho \"SUCCESS\" > \"${SCRIPT_OUTPUT_FILE_0}\"\n";
			showEnvVarsInLog = 0;
		};
/* End PBXShellScriptBuildPhase section */

/* Begin PBXSourcesBuildPhase section */
		131C81C628C629D1004B0A09 /* Sources */ = {
			isa = PBXSourcesBuildPhase;
			buildActionMask = 2147483647;
			files = (
				131C81E528C62DDE004B0A09 /* VectorTileEventListener.swift in Sources */,
				131C81D228C629D1004B0A09 /* ViewController.swift in Sources */,
				131C81E428C62DDE004B0A09 /* LicenseListener.swift in Sources */,
				131C81CE28C629D1004B0A09 /* AppDelegate.swift in Sources */,
				131C81D028C629D1004B0A09 /* SceneDelegate.swift in Sources */,
				131C81E628C62DDE004B0A09 /* DownloadListener.swift in Sources */,
				131C81E828C62E77004B0A09 /* Const.swift in Sources */,
			);
			runOnlyForDeploymentPostprocessing = 0;
		};
/* End PBXSourcesBuildPhase section */

/* Begin PBXVariantGroup section */
		131C81D328C629D1004B0A09 /* Main.storyboard */ = {
			isa = PBXVariantGroup;
			children = (
				131C81D428C629D1004B0A09 /* Base */,
			);
			name = Main.storyboard;
			sourceTree = "<group>";
		};
		131C81D828C629D9004B0A09 /* LaunchScreen.storyboard */ = {
			isa = PBXVariantGroup;
			children = (
				131C81D928C629D9004B0A09 /* Base */,
			);
			name = LaunchScreen.storyboard;
			sourceTree = "<group>";
		};
/* End PBXVariantGroup section */

/* Begin XCBuildConfiguration section */
		131C81DC28C629D9004B0A09 /* Debug */ = {
			isa = XCBuildConfiguration;
			buildSettings = {
				ALWAYS_SEARCH_USER_PATHS = NO;
				CLANG_ANALYZER_NONNULL = YES;
				CLANG_ANALYZER_NUMBER_OBJECT_CONVERSION = YES_AGGRESSIVE;
				CLANG_CXX_LANGUAGE_STANDARD = "gnu++17";
				CLANG_ENABLE_MODULES = YES;
				CLANG_ENABLE_OBJC_ARC = YES;
				CLANG_ENABLE_OBJC_WEAK = YES;
				CLANG_WARN_BLOCK_CAPTURE_AUTORELEASING = YES;
				CLANG_WARN_BOOL_CONVERSION = YES;
				CLANG_WARN_COMMA = YES;
				CLANG_WARN_CONSTANT_CONVERSION = YES;
				CLANG_WARN_DEPRECATED_OBJC_IMPLEMENTATIONS = YES;
				CLANG_WARN_DIRECT_OBJC_ISA_USAGE = YES_ERROR;
				CLANG_WARN_DOCUMENTATION_COMMENTS = YES;
				CLANG_WARN_EMPTY_BODY = YES;
				CLANG_WARN_ENUM_CONVERSION = YES;
				CLANG_WARN_INFINITE_RECURSION = YES;
				CLANG_WARN_INT_CONVERSION = YES;
				CLANG_WARN_NON_LITERAL_NULL_CONVERSION = YES;
				CLANG_WARN_OBJC_IMPLICIT_RETAIN_SELF = YES;
				CLANG_WARN_OBJC_LITERAL_CONVERSION = YES;
				CLANG_WARN_OBJC_ROOT_CLASS = YES_ERROR;
				CLANG_WARN_QUOTED_INCLUDE_IN_FRAMEWORK_HEADER = YES;
				CLANG_WARN_RANGE_LOOP_ANALYSIS = YES;
				CLANG_WARN_STRICT_PROTOTYPES = YES;
				CLANG_WARN_SUSPICIOUS_MOVE = YES;
				CLANG_WARN_UNGUARDED_AVAILABILITY = YES_AGGRESSIVE;
				CLANG_WARN_UNREACHABLE_CODE = YES;
				CLANG_WARN__DUPLICATE_METHOD_MATCH = YES;
				COPY_PHASE_STRIP = NO;
				DEBUG_INFORMATION_FORMAT = dwarf;
				ENABLE_STRICT_OBJC_MSGSEND = YES;
				ENABLE_TESTABILITY = YES;
				GCC_C_LANGUAGE_STANDARD = gnu11;
				GCC_DYNAMIC_NO_PIC = NO;
				GCC_NO_COMMON_BLOCKS = YES;
				GCC_OPTIMIZATION_LEVEL = 0;
				GCC_PREPROCESSOR_DEFINITIONS = (
					"DEBUG=1",
					"$(inherited)",
				);
				GCC_WARN_64_TO_32_BIT_CONVERSION = YES;
				GCC_WARN_ABOUT_RETURN_TYPE = YES_ERROR;
				GCC_WARN_UNDECLARED_SELECTOR = YES;
				GCC_WARN_UNINITIALIZED_AUTOS = YES_AGGRESSIVE;
				GCC_WARN_UNUSED_FUNCTION = YES;
				GCC_WARN_UNUSED_VARIABLE = YES;
				IPHONEOS_DEPLOYMENT_TARGET = 15.5;
				MTL_ENABLE_DEBUG_INFO = INCLUDE_SOURCE;
				MTL_FAST_MATH = YES;
				ONLY_ACTIVE_ARCH = YES;
				SDKROOT = iphoneos;
				SWIFT_ACTIVE_COMPILATION_CONDITIONS = DEBUG;
				SWIFT_OPTIMIZATION_LEVEL = "-Onone";
			};
			name = Debug;
		};
		131C81DD28C629D9004B0A09 /* Release */ = {
			isa = XCBuildConfiguration;
			buildSettings = {
				ALWAYS_SEARCH_USER_PATHS = NO;
				CLANG_ANALYZER_NONNULL = YES;
				CLANG_ANALYZER_NUMBER_OBJECT_CONVERSION = YES_AGGRESSIVE;
				CLANG_CXX_LANGUAGE_STANDARD = "gnu++17";
				CLANG_ENABLE_MODULES = YES;
				CLANG_ENABLE_OBJC_ARC = YES;
				CLANG_ENABLE_OBJC_WEAK = YES;
				CLANG_WARN_BLOCK_CAPTURE_AUTORELEASING = YES;
				CLANG_WARN_BOOL_CONVERSION = YES;
				CLANG_WARN_COMMA = YES;
				CLANG_WARN_CONSTANT_CONVERSION = YES;
				CLANG_WARN_DEPRECATED_OBJC_IMPLEMENTATIONS = YES;
				CLANG_WARN_DIRECT_OBJC_ISA_USAGE = YES_ERROR;
				CLANG_WARN_DOCUMENTATION_COMMENTS = YES;
				CLANG_WARN_EMPTY_BODY = YES;
				CLANG_WARN_ENUM_CONVERSION = YES;
				CLANG_WARN_INFINITE_RECURSION = YES;
				CLANG_WARN_INT_CONVERSION = YES;
				CLANG_WARN_NON_LITERAL_NULL_CONVERSION = YES;
				CLANG_WARN_OBJC_IMPLICIT_RETAIN_SELF = YES;
				CLANG_WARN_OBJC_LITERAL_CONVERSION = YES;
				CLANG_WARN_OBJC_ROOT_CLASS = YES_ERROR;
				CLANG_WARN_QUOTED_INCLUDE_IN_FRAMEWORK_HEADER = YES;
				CLANG_WARN_RANGE_LOOP_ANALYSIS = YES;
				CLANG_WARN_STRICT_PROTOTYPES = YES;
				CLANG_WARN_SUSPICIOUS_MOVE = YES;
				CLANG_WARN_UNGUARDED_AVAILABILITY = YES_AGGRESSIVE;
				CLANG_WARN_UNREACHABLE_CODE = YES;
				CLANG_WARN__DUPLICATE_METHOD_MATCH = YES;
				COPY_PHASE_STRIP = NO;
				DEBUG_INFORMATION_FORMAT = "dwarf-with-dsym";
				ENABLE_NS_ASSERTIONS = NO;
				ENABLE_STRICT_OBJC_MSGSEND = YES;
				GCC_C_LANGUAGE_STANDARD = gnu11;
				GCC_NO_COMMON_BLOCKS = YES;
				GCC_WARN_64_TO_32_BIT_CONVERSION = YES;
				GCC_WARN_ABOUT_RETURN_TYPE = YES_ERROR;
				GCC_WARN_UNDECLARED_SELECTOR = YES;
				GCC_WARN_UNINITIALIZED_AUTOS = YES_AGGRESSIVE;
				GCC_WARN_UNUSED_FUNCTION = YES;
				GCC_WARN_UNUSED_VARIABLE = YES;
				IPHONEOS_DEPLOYMENT_TARGET = 15.5;
				MTL_ENABLE_DEBUG_INFO = NO;
				MTL_FAST_MATH = YES;
				SDKROOT = iphoneos;
				SWIFT_COMPILATION_MODE = wholemodule;
				SWIFT_OPTIMIZATION_LEVEL = "-O";
				VALIDATE_PRODUCT = YES;
			};
			name = Release;
		};
		131C81DF28C629D9004B0A09 /* Debug */ = {
			isa = XCBuildConfiguration;
			baseConfigurationReference = B0FFAF91A0F89EA7651D9C14 /* Pods-Map Sample.debug.xcconfig */;
			buildSettings = {
				ASSETCATALOG_COMPILER_APPICON_NAME = AppIcon;
				ASSETCATALOG_COMPILER_GLOBAL_ACCENT_COLOR_NAME = AccentColor;
				CODE_SIGN_STYLE = Automatic;
				CURRENT_PROJECT_VERSION = 1;
				DEVELOPMENT_TEAM = DT3UEE3NNJ;
				ENABLE_BITCODE = NO;
				GENERATE_INFOPLIST_FILE = YES;
				INFOPLIST_FILE = "Map Sample/Info.plist";
				INFOPLIST_KEY_UIApplicationSupportsIndirectInputEvents = YES;
				INFOPLIST_KEY_UILaunchStoryboardName = LaunchScreen;
				INFOPLIST_KEY_UIMainStoryboardFile = Main;
				INFOPLIST_KEY_UISupportedInterfaceOrientations_iPad = "UIInterfaceOrientationPortrait UIInterfaceOrientationPortraitUpsideDown UIInterfaceOrientationLandscapeLeft UIInterfaceOrientationLandscapeRight";
				INFOPLIST_KEY_UISupportedInterfaceOrientations_iPhone = "UIInterfaceOrientationPortrait UIInterfaceOrientationLandscapeLeft UIInterfaceOrientationLandscapeRight";
				IPHONEOS_DEPLOYMENT_TARGET = 13.0;
				LD_RUNPATH_SEARCH_PATHS = (
					"$(inherited)",
					"@executable_path/Frameworks",
				);
				MARKETING_VERSION = 1.0;
				PRODUCT_BUNDLE_IDENTIFIER = us.inavi.sample.map;
				PRODUCT_NAME = "$(TARGET_NAME)";
				SWIFT_EMIT_LOC_STRINGS = YES;
				SWIFT_VERSION = 5.0;
				TARGETED_DEVICE_FAMILY = "1,2";
			};
			name = Debug;
		};
		131C81E028C629D9004B0A09 /* Release */ = {
			isa = XCBuildConfiguration;
			baseConfigurationReference = 261AF4EE0C632B9AA242B4E9 /* Pods-Map Sample.release.xcconfig */;
			buildSettings = {
				ASSETCATALOG_COMPILER_APPICON_NAME = AppIcon;
				ASSETCATALOG_COMPILER_GLOBAL_ACCENT_COLOR_NAME = AccentColor;
				CODE_SIGN_STYLE = Automatic;
				CURRENT_PROJECT_VERSION = 1;
				DEVELOPMENT_TEAM = DT3UEE3NNJ;
				ENABLE_BITCODE = NO;
				GENERATE_INFOPLIST_FILE = YES;
				INFOPLIST_FILE = "Map Sample/Info.plist";
				INFOPLIST_KEY_UIApplicationSupportsIndirectInputEvents = YES;
				INFOPLIST_KEY_UILaunchStoryboardName = LaunchScreen;
				INFOPLIST_KEY_UIMainStoryboardFile = Main;
				INFOPLIST_KEY_UISupportedInterfaceOrientations_iPad = "UIInterfaceOrientationPortrait UIInterfaceOrientationPortraitUpsideDown UIInterfaceOrientationLandscapeLeft UIInterfaceOrientationLandscapeRight";
				INFOPLIST_KEY_UISupportedInterfaceOrientations_iPhone = "UIInterfaceOrientationPortrait UIInterfaceOrientationLandscapeLeft UIInterfaceOrientationLandscapeRight";
				IPHONEOS_DEPLOYMENT_TARGET = 13.0;
				LD_RUNPATH_SEARCH_PATHS = (
					"$(inherited)",
					"@executable_path/Frameworks",
				);
				MARKETING_VERSION = 1.0;
				PRODUCT_BUNDLE_IDENTIFIER = us.inavi.sample.map;
				PRODUCT_NAME = "$(TARGET_NAME)";
				SWIFT_EMIT_LOC_STRINGS = YES;
				SWIFT_VERSION = 5.0;
				TARGETED_DEVICE_FAMILY = "1,2";
			};
			name = Release;
		};
/* End XCBuildConfiguration section */

/* Begin XCConfigurationList section */
		131C81C528C629D1004B0A09 /* Build configuration list for PBXProject "Map Sample" */ = {
			isa = XCConfigurationList;
			buildConfigurations = (
				131C81DC28C629D9004B0A09 /* Debug */,
				131C81DD28C629D9004B0A09 /* Release */,
			);
			defaultConfigurationIsVisible = 0;
			defaultConfigurationName = Release;
		};
		131C81DE28C629D9004B0A09 /* Build configuration list for PBXNativeTarget "Map Sample" */ = {
			isa = XCConfigurationList;
			buildConfigurations = (
				131C81DF28C629D9004B0A09 /* Debug */,
				131C81E028C629D9004B0A09 /* Release */,
			);
			defaultConfigurationIsVisible = 0;
			defaultConfigurationName = Release;
		};
/* End XCConfigurationList section */
	};
	rootObject = 131C81C228C629D1004B0A09 /* Project object */;
}
