PODS:
  - INVAlglib (0.1.3)
  - INVCppHelper (4.0.0)
  - INVData (4.0.0):
    - INVflatbuffers (~> 0.0)
  - INVeventpp (0.1.3)
  - INVflatbuffers (0.1.3)
  - INVSensorManager (4.0.0):
    - INVAlglib (~> 0.0)
    - INVCppHelper (~> 4.0)
    - INVData (~> 4.0)
    - INVeventpp (~> 0.0)
    - INVSmoothing (~> 4.0)
  - INVSmoothing (4.0.0)

DEPENDENCIES:
  - INVSensorManager

SPEC REPOS:
  https://gitlab.com/inavi_us/inavi-pod-repo.git:
    - INVAlglib
    - INVCppHelper
    - INVData
    - INVeventpp
    - INVflatbuffers
    - INVSensorManager
    - INVSmoothing

SPEC CHECKSUMS:
  INVAlglib: b0a16ebbebfc9bc3c89981326539d4f924aae5d6
  INVCppHelper: cfaad87eb6c7de9b1d37b1bb3cc1c9f36f25bf02
  INVData: ffd46e3e15c31a484e3203b8426dec6999d11377
  INVeventpp: da2eb82acae465e4b30f46d0967a8bcd64644c19
  INVflatbuffers: 251e00ddcb9a553b4558b2634d0e22ebd8951b51
  INVSensorManager: 0ee9036cd2e643c7659fd19285134aeb4cf48765
  INVSmoothing: aaa1570daf58fcae5bef0da0ce5031a97dc89242

PODFILE CHECKSUM: 3ca7260a28ffb895519c98a4529d651edcab8f9b

COCOAPODS: 1.11.3
